
Microsoft Visual Studio Solution File, Format Version 12.00
# Visual Studio Version 17
VisualStudioVersion = 17.5.33424.131
MinimumVisualStudioVersion = 10.0.40219.1
Project("{9A19103F-16F7-4668-BE54-9A1E7A4F7556}") = "NArchitecture.Core.Application", "src\Application\NArchitecture.Core.Application.csproj", "{0542DF94-63CD-430F-9AF5-AE84D88319BC}"
EndProject
Project("{9A19103F-16F7-4668-BE54-9A1E7A4F7556}") = "NArchitecture.Core.CrossCuttingConcerns.Exception", "src\CrossCuttingConcerns.Exception\NArchitecture.Core.CrossCuttingConcerns.Exception.csproj", "{D5B3C51B-75DF-4A33-BCBB-BAF2BF076617}"
EndProject
Project("{9A19103F-16F7-4668-BE54-9A1E7A4F7556}") = "NArchitecture.Core.Mailing.Abstractions", "src\Mailing.Abstractions\NArchitecture.Core.Mailing.Abstractions.csproj", "{B5C9694A-C714-465D-836A-8C77366B4E03}"
EndProject
Project("{9A19103F-16F7-4668-BE54-9A1E7A4F7556}") = "NArchitecture.Core.Persistence.EntityFramework", "src\Persistence.EntityFramework\NArchitecture.Core.Persistence.EntityFramework.csproj", "{03D3D1A1-1C07-41CA-8B02-DB5394A874A3}"
EndProject
Project("{9A19103F-16F7-4668-BE54-9A1E7A4F7556}") = "NArchitecture.Core.Security", "src\Security\NArchitecture.Core.Security.csproj", "{826DEEBC-A67D-4448-A339-A04E0ED36F52}"
EndProject
Project("{9A19103F-16F7-4668-BE54-9A1E7A4F7556}") = "NArchitecture.Core.Localization.Resource.Yaml.DependencyInjection", "src\Localization.Resource.Yaml.DependencyInjection\NArchitecture.Core.Localization.Resource.Yaml.DependencyInjection.csproj", "{17D0496A-7C3D-435D-85E2-80E7363004E5}"
EndProject
Project("{9A19103F-16F7-4668-BE54-9A1E7A4F7556}") = "NArchitecture.Core.Localization.Resource.Yaml", "src\Localization.Resource.Yaml\NArchitecture.Core.Localization.Resource.Yaml.csproj", "{1A9C6A1D-F585-411F-A8D5-361E63EE7E02}"
EndProject
Project("{9A19103F-16F7-4668-BE54-9A1E7A4F7556}") = "NArchitecture.Core.Localization.Abstractions", "src\Localization.Abstractions\NArchitecture.Core.Localization.Abstractions.csproj", "{D337AB65-0D90-494C-A372-A238AA7E74E1}"
EndProject
Project("{9A19103F-16F7-4668-BE54-9A1E7A4F7556}") = "NArchitecture.Core.Localization.Translation", "src\Localization.Translation\NArchitecture.Core.Localization.Translation.csproj", "{0C272CE1-12D7-47D8-98FD-4DDBEB6A294C}"
EndProject
Project("{9A19103F-16F7-4668-BE54-9A1E7A4F7556}") = "NArchitecture.Core.Localization.WebApi", "src\Localization.WebApi\NArchitecture.Core.Localization.WebApi.csproj", "{A874FBD0-5655-4A29-AD05-3C57A1B6BA31}"
EndProject
Project("{9A19103F-16F7-4668-BE54-9A1E7A4F7556}") = "NArchitecture.Core.Translation.Abstractions", "src\Translation.Abstractions\NArchitecture.Core.Translation.Abstractions.csproj", "{B00C777E-A6C5-4ED4-86F1-61408B3D0926}"
EndProject
Project("{9A19103F-16F7-4668-BE54-9A1E7A4F7556}") = "NArchitecture.Core.Translation.AmazonTranslate", "src\Translation.AmazonTranslate\NArchitecture.Core.Translation.AmazonTranslate.csproj", "{C4D96ACD-171A-4B37-8736-51366B98B9E8}"
EndProject
Project("{9A19103F-16F7-4668-BE54-9A1E7A4F7556}") = "NArchitecture.Core.Translation.AmazonTranslate.DependencyInjection", "src\Translation.AmazonTranslate.DependencyInjection\NArchitecture.Core.Translation.AmazonTranslate.DependencyInjection.csproj", "{326AEEBB-7767-4FB2-84FE-12B47C065526}"
EndProject
Project("{2150E333-8FDC-42A3-9474-1A3956D46DE8}") = "Solution Items", "Solution Items", "{349CE34D-A942-422C-943A-DE4BEC1E39B3}"
	ProjectSection(SolutionItems) = preProject
		.csharpierrc = .csharpierrc
		.editorconfig = .editorconfig
		LICENSE = LICENSE
		README.md = README.md
	EndProjectSection
EndProject
Project("{2150E333-8FDC-42A3-9474-1A3956D46DE8}") = "docs", "docs", "{C476F9D4-0FCC-4D72-A312-C706AF081F4F}"
EndProject
Project("{2150E333-8FDC-42A3-9474-1A3956D46DE8}") = "images", "images", "{0EDE05AB-93AF-4104-9696-5523023AAFF6}"
	ProjectSection(SolutionItems) = preProject
		docs\images\n-architecture-logo.png = docs\images\n-architecture-logo.png
	EndProjectSection
EndProject
Project("{9A19103F-16F7-4668-BE54-9A1E7A4F7556}") = "NArchitecture.Core.CrossCuttingConcerns.Logging.Serilog", "src\CrossCuttingConcerns.Logging.Serilog\NArchitecture.Core.CrossCuttingConcerns.Logging.Serilog.csproj", "{570EB8D5-8D08-4026-BB52-684E7F599422}"
EndProject
Project("{9A19103F-16F7-4668-BE54-9A1E7A4F7556}") = "NArchitecture.Core.CrossCuttingConcerns.Exception.WebApi", "src\CrossCuttingConcerns.Exception.WebApi\NArchitecture.Core.CrossCuttingConcerns.Exception.WebApi.csproj", "{E9F71091-42BA-42FA-B3ED-83042C813780}"
EndProject
Project("{9A19103F-16F7-4668-BE54-9A1E7A4F7556}") = "NArchitecture.Core.CrossCuttingConcerns.Logging.Abstractions", "src\CrossCuttingConcerns.Logging.Abstractions\NArchitecture.Core.CrossCuttingConcerns.Logging.Abstractions.csproj", "{4DDE97CF-FC8C-4333-A7AE-80B68E55927F}"
EndProject
Project("{9A19103F-16F7-4668-BE54-9A1E7A4F7556}") = "NArchitecture.Core.CrossCuttingConcerns.Logging.Serilog.File", "src\CrossCuttingConcerns.Logging.Serilog.File\NArchitecture.Core.CrossCuttingConcerns.Logging.Serilog.File.csproj", "{769BF223-862F-4D87-B2A2-6C5148FF2D91}"
EndProject
Project("{9A19103F-16F7-4668-BE54-9A1E7A4F7556}") = "NArchitecture.Core.CrossCuttingConcerns.Logging.DependencyInjection", "src\CrossCuttingConcerns.Logging.DependencyInjection\NArchitecture.Core.CrossCuttingConcerns.Logging.DependencyInjection.csproj", "{3318A669-D271-41B5-88E4-BEAF5B67DE97}"
EndProject
Project("{9A19103F-16F7-4668-BE54-9A1E7A4F7556}") = "NArchitecture.Core.Mailing.MailKit", "src\Mailing.MailKit\NArchitecture.Core.Mailing.MailKit.csproj", "{147A9AD4-5D71-47A6-BD1A-B0A7CFE5FEBD}"
EndProject
Project("{9A19103F-16F7-4668-BE54-9A1E7A4F7556}") = "NArchitecture.Core.Security.DependencyInjection", "src\Security.DependencyInjection\NArchitecture.Core.Security.DependencyInjection.csproj", "{8ED08D8F-DAC6-4BD1-9A1F-69704AD8368F}"
EndProject
Project("{9A19103F-16F7-4668-BE54-9A1E7A4F7556}") = "NArchitecture.Core.Security.WebApi.Swagger", "src\Security.WebApi.Swagger\NArchitecture.Core.Security.WebApi.Swagger.csproj", "{5F448267-A147-4C86-9BEA-797AE93B0BBA}"
EndProject
Project("{2150E333-8FDC-42A3-9474-1A3956D46DE8}") = "src", "src", "{7C1F8BBD-7E3D-44BE-81E6-55EB807C14B9}"
EndProject
Project("{9A19103F-16F7-4668-BE54-9A1E7A4F7556}") = "NArchitecture.Core.Persistence.EntityFramework.DependencyInjection", "src\Persistence.EntityFramework.DependencyInjection\NArchitecture.Core.Persistence.EntityFramework.DependencyInjection.csproj", "{21482084-82B8-41FA-8477-ED78B3037375}"
EndProject
Project("{2150E333-8FDC-42A3-9474-1A3956D46DE8}") = "tests", "tests", "{CB1FFAF8-1946-40AF-AF0F-7FD37E2A7AC6}"
EndProject
Project("{2150E333-8FDC-42A3-9474-1A3956D46DE8}") = "benchmarks", "benchmarks", "{BCB5B13C-20C0-49EF-9F6B-940BEE7AAD43}"
EndProject
Project("{FAE04EC0-301F-11D3-BF4B-00C04F79EFBC}") = "NArchitecture.Core.Benchmarks", "tests\benchmarks\Benchmarks\NArchitecture.Core.Benchmarks.csproj", "{414C545A-A147-41D9-BEC0-8555EF9CFD9E}"
EndProject
Project("{FAE04EC0-301F-11D3-BF4B-00C04F79EFBC}") = "NArchitecture.Core.Application.BenchmarkTests", "tests\benchmarks\Application.BenchmarkTests\NArchitecture.Core.Application.BenchmarkTests.csproj", "{CD40EB4F-DD72-45D3-9328-D1D5F240356F}"
EndProject
Project("{2150E333-8FDC-42A3-9474-1A3956D46DE8}") = "units", "units", "{682859CA-F4D5-4078-930F-00D3E608D6A4}"
EndProject
Project("{FAE04EC0-301F-11D3-BF4B-00C04F79EFBC}") = "NArchitecture.Core.Application.Tests", "tests\units\Application.Tests\NArchitecture.Core.Application.Tests.csproj", "{3AF7E32B-DEFD-45C1-866C-214810EC8E62}"
EndProject
Project("{FAE04EC0-301F-11D3-BF4B-00C04F79EFBC}") = "NArchitecture.Core.Validation.Abstractions", "src\Validation.Abstractions\NArchitecture.Core.Validation.Abstractions.csproj", "{A77CB1D6-ED02-40D6-9505-BBF230A78A3F}"
EndProject
Project("{FAE04EC0-301F-11D3-BF4B-00C04F79EFBC}") = "NArchitecture.Core.Validation.FluentValidation", "src\Validation.FluentValidation\NArchitecture.Core.Validation.FluentValidation.csproj", "{2073F742-F5F2-4529-9B81-D9E57775908F}"
EndProject
Project("{FAE04EC0-301F-11D3-BF4B-00C04F79EFBC}") = "NArchitecture.Core.CrossCuttingConcerns.Exception.WebApi.Tests", "tests\units\CrossCuttingConcerns.Exception.WebApi.Tests\NArchitecture.Core.CrossCuttingConcerns.Exception.WebApi.Tests.csproj", "{49FF4B66-8032-4AF9-BECA-565FF1D04F0E}"
EndProject
Project("{FAE04EC0-301F-11D3-BF4B-00C04F79EFBC}") = "NArchitecture.Core.CrossCuttingConcerns.Logging.Serilog.File.Tests", "tests\units\CrossCuttingConcerns.Logging.Serilog.File.Tests\NArchitecture.Core.CrossCuttingConcerns.Logging.Serilog.File.Tests.csproj", "{CE84D36F-EE8C-46A1-BC5B-4BD3B564092C}"
EndProject
Project("{FAE04EC0-301F-11D3-BF4B-00C04F79EFBC}") = "NArchitecture.Core.SearchEngine.Abstractions", "src\SearchEngine.Abstractions\NArchitecture.Core.SearchEngine.Abstractions.csproj", "{074E6F5A-CE51-434F-BEB1-1BFEF8649E98}"
EndProject
Project("{FAE04EC0-301F-11D3-BF4B-00C04F79EFBC}") = "NArchitecture.Core.SearchEngine.ElasticSearch", "src\SearchEngine.ElasticSearch\NArchitecture.Core.SearchEngine.ElasticSearch.csproj", "{9412F3C4-5F63-427D-B95A-8596292C13B1}"
EndProject
Project("{FAE04EC0-301F-11D3-BF4B-00C04F79EFBC}") = "NArchitecture.Core.SearchEngine.ElasticSearch.Tests", "tests\units\SearchEngine.ElasticSearch.Tests\NArchitecture.Core.SearchEngine.ElasticSearch.Tests.csproj", "{5D939798-7279-4D1C-A8CE-26F4DACDC9AB}"
EndProject
Project("{FAE04EC0-301F-11D3-BF4B-00C04F79EFBC}") = "NArchitecture.Core.Localization.Resource.Yaml.Tests", "tests\units\Localization.Resource.Yaml.Tests\NArchitecture.Core.Localization.Resource.Yaml.Tests.csproj", "{5A1BF067-A155-4D22-838D-4B691A23E557}"
EndProject
Project("{FAE04EC0-301F-11D3-BF4B-00C04F79EFBC}") = "NArchitecture.Core.Localization.Translation.Tests", "tests\units\Localization.Translation.Tests\NArchitecture.Core.Localization.Translation.Tests.csproj", "{E8B4CCDB-0ACC-4626-8470-EFA529CD356B}"
EndProject
Project("{FAE04EC0-301F-11D3-BF4B-00C04F79EFBC}") = "NArchitecture.Core.Localization.Resource.Yaml.DependencyInjection.Tests", "tests\units\Localization.Resource.Yaml.DependencyInjection.Tests\NArchitecture.Core.Localization.Resource.Yaml.DependencyInjection.Tests.csproj", "{2E15C423-FA41-48B5-A257-3EEDB4C2E573}"
EndProject
Project("{FAE04EC0-301F-11D3-BF4B-00C04F79EFBC}") = "NArchitecture.Core.Localization.WebApi.Tests", "tests\units\Localization.WebApi.Tests\NArchitecture.Core.Localization.WebApi.Tests.csproj", "{E23A6792-8D43-4D25-B2B3-5FB5FA9F9E90}"
EndProject
Project("{FAE04EC0-301F-11D3-BF4B-00C04F79EFBC}") = "NArchitecture.Core.Mailing.MailKit.Tests", "tests\units\Mailing.MailKit.Tests\NArchitecture.Core.Mailing.MailKit.Tests.csproj", "{28C1FDD7-B6A4-4F5B-9BA4-0901C367716F}"
EndProject
Project("{FAE04EC0-301F-11D3-BF4B-00C04F79EFBC}") = "NArchitecture.Core.Persistence.Abstractions", "src\Persistence.Abstractions\NArchitecture.Core.Persistence.Abstractions.csproj", "{5BEB45AD-5D0C-4096-9797-ECF34BB2B338}"
EndProject
Project("{FAE04EC0-301F-11D3-BF4B-00C04F79EFBC}") = "NArchitecture.Core.Persistence.EntityFramework.Tests", "tests\units\Persistence.EntityFramework.Tests\NArchitecture.Core.Persistence.EntityFramework.Tests.csproj", "{52AAC52E-BF15-4427-A68E-2F19D6406D22}"
EndProject
Project("{FAE04EC0-301F-11D3-BF4B-00C04F79EFBC}") = "NArchitecture.Core.Sms.Abstractions", "src\Sms.Abstractions\NArchitecture.Core.Sms.Abstractions.csproj", "{0DAA3BE8-5218-43F9-9BC6-8E0A75E0C3B2}"
EndProject
Project("{FAE04EC0-301F-11D3-BF4B-00C04F79EFBC}") = "NArchitecture.Core.Security.WebApi", "src\Security.WebApi\NArchitecture.Core.Security.WebApi.csproj", "{7ABAE2C8-0E4E-4AC2-866D-120056B742F3}"
EndProject
Project("{FAE04EC0-301F-11D3-BF4B-00C04F79EFBC}") = "NArchitecture.Core.Security.Tests", "tests\units\Security.Tests\NArchitecture.Core.Security.Tests.csproj", "{AE6B7F86-DD68-48A3-8C2F-BBEB5073E579}"
EndProject
Project("{FAE04EC0-301F-11D3-BF4B-00C04F79EFBC}") = "NArchitecture.Core.Security.Abstractions", "src\Security.Abstractions\NArchitecture.Core.Security.Abstractions.csproj", "{B9018884-F84F-46C7-8A41-388653B67166}"
EndProject
Project("{FAE04EC0-301F-11D3-BF4B-00C04F79EFBC}") = "NArchitecture.Core.Security.DependencyInjection.Tests", "tests\units\Security.DependencyInjection.Tests\NArchitecture.Core.Security.DependencyInjection.Tests.csproj", "{BC636CFD-4203-4E93-8BB1-5185D763DEDF}"
EndProject
Project("{FAE04EC0-301F-11D3-BF4B-00C04F79EFBC}") = "NArchitecture.Core.Security.WebApi.Tests", "tests\units\Security.WebApi.Tests\NArchitecture.Core.Security.WebApi.Tests.csproj", "{82D594C7-71DE-4093-A3DF-E9AFCAD48BE7}"
EndProject
Project("{FAE04EC0-301F-11D3-BF4B-00C04F79EFBC}") = "NArchitecture.Core.Security.WebApi.Swagger.Tests", "tests\units\Security.WebApi.Swagger.Tests\NArchitecture.Core.Security.WebApi.Swagger.Tests.csproj", "{4A9C3E1D-26D1-4DD3-A25E-E7BEE08BDDFF}"
EndProject
Project("{FAE04EC0-301F-11D3-BF4B-00C04F79EFBC}") = "NArchitecture.Core.Translation.AmazonTranslate.Tests", "tests\units\Translation.AmazonTranslate.Tests\NArchitecture.Core.Translation.AmazonTranslate.Tests.csproj", "{C1E11B8D-B608-446A-8B86-BA0E146C7087}"
EndProject
Project("{FAE04EC0-301F-11D3-BF4B-00C04F79EFBC}") = "NArchitecture.Core.Validation.FluentValidation.Tests", "tests\units\Validation.FluentValidation.Tests\NArchitecture.Core.Validation.FluentValidation.Tests.csproj", "{8ABBE48E-E5EC-4F1B-9C81-CDEB7CCE91B9}"
EndProject
Project("{FAE04EC0-301F-11D3-BF4B-00C04F79EFBC}") = "NArchitecture.Core.Mediator.Abstractions", "src\Mediator.Abstractions\NArchitecture.Core.Mediator.Abstractions.csproj", "{D9041459-A0A0-428A-8609-A92A52B84A94}"
EndProject
Project("{FAE04EC0-301F-11D3-BF4B-00C04F79EFBC}") = "NArchitecture.Core.Mediator.Tests", "tests\units\Mediator.Tests\NArchitecture.Core.Mediator.Tests.csproj", "{855DE25A-3940-40C1-AC64-89397156589E}"
EndProject
Project("{FAE04EC0-301F-11D3-BF4B-00C04F79EFBC}") = "NArchitecture.Core.Mediator", "src\Mediator\NArchitecture.Core.Mediator.csproj", "{0DD71F00-CCCF-45EC-81C2-D94D7F80CC7D}"
EndProject
Project("{FAE04EC0-301F-11D3-BF4B-00C04F79EFBC}") = "NArchitecture.Core.Validation.FluentValidation.DependencyInjection", "src\Validation.FluentValidation.DependencyInjection\NArchitecture.Core.Validation.FluentValidation.DependencyInjection.csproj", "{4B7D3B6E-FE9F-456F-B299-39D52519B333}"
EndProject
Project("{FAE04EC0-301F-11D3-BF4B-00C04F79EFBC}") = "NArchitecture.Core.Application.DependencyInjection", "src\Application.DependencyInjection\NArchitecture.Core.Application.DependencyInjection.csproj", "{6177602B-0771-480A-BAB8-569429A7153A}"
EndProject
Project("{FAE04EC0-301F-11D3-BF4B-00C04F79EFBC}") = "NArchitecture.Core.Mapper.AutoMapper.DependencyInjection", "src\Mapper.AutoMapper.DependencyInjection\NArchitecture.Core.Mapper.AutoMapper.DependencyInjection.csproj", "{E88F5358-40A0-4580-B2EF-F5EEAC938429}"
EndProject
Global
	GlobalSection(SolutionConfigurationPlatforms) = preSolution
		Debug|Any CPU = Debug|Any CPU
		Release|Any CPU = Release|Any CPU
	EndGlobalSection
	GlobalSection(ProjectConfigurationPlatforms) = postSolution
		{0542DF94-63CD-430F-9AF5-AE84D88319BC}.Debug|Any CPU.ActiveCfg = Debug|Any CPU
		{0542DF94-63CD-430F-9AF5-AE84D88319BC}.Debug|Any CPU.Build.0 = Debug|Any CPU
		{0542DF94-63CD-430F-9AF5-AE84D88319BC}.Release|Any CPU.ActiveCfg = Release|Any CPU
		{0542DF94-63CD-430F-9AF5-AE84D88319BC}.Release|Any CPU.Build.0 = Release|Any CPU
		{D5B3C51B-75DF-4A33-BCBB-BAF2BF076617}.Debug|Any CPU.ActiveCfg = Debug|Any CPU
		{D5B3C51B-75DF-4A33-BCBB-BAF2BF076617}.Debug|Any CPU.Build.0 = Debug|Any CPU
		{D5B3C51B-75DF-4A33-BCBB-BAF2BF076617}.Release|Any CPU.ActiveCfg = Release|Any CPU
		{D5B3C51B-75DF-4A33-BCBB-BAF2BF076617}.Release|Any CPU.Build.0 = Release|Any CPU
		{B5C9694A-C714-465D-836A-8C77366B4E03}.Debug|Any CPU.ActiveCfg = Debug|Any CPU
		{B5C9694A-C714-465D-836A-8C77366B4E03}.Debug|Any CPU.Build.0 = Debug|Any CPU
		{B5C9694A-C714-465D-836A-8C77366B4E03}.Release|Any CPU.ActiveCfg = Release|Any CPU
		{B5C9694A-C714-465D-836A-8C77366B4E03}.Release|Any CPU.Build.0 = Release|Any CPU
		{03D3D1A1-1C07-41CA-8B02-DB5394A874A3}.Debug|Any CPU.ActiveCfg = Debug|Any CPU
		{03D3D1A1-1C07-41CA-8B02-DB5394A874A3}.Debug|Any CPU.Build.0 = Debug|Any CPU
		{03D3D1A1-1C07-41CA-8B02-DB5394A874A3}.Release|Any CPU.ActiveCfg = Release|Any CPU
		{03D3D1A1-1C07-41CA-8B02-DB5394A874A3}.Release|Any CPU.Build.0 = Release|Any CPU
		{826DEEBC-A67D-4448-A339-A04E0ED36F52}.Debug|Any CPU.ActiveCfg = Debug|Any CPU
		{826DEEBC-A67D-4448-A339-A04E0ED36F52}.Debug|Any CPU.Build.0 = Debug|Any CPU
		{826DEEBC-A67D-4448-A339-A04E0ED36F52}.Release|Any CPU.ActiveCfg = Release|Any CPU
		{826DEEBC-A67D-4448-A339-A04E0ED36F52}.Release|Any CPU.Build.0 = Release|Any CPU
		{17D0496A-7C3D-435D-85E2-80E7363004E5}.Debug|Any CPU.ActiveCfg = Debug|Any CPU
		{17D0496A-7C3D-435D-85E2-80E7363004E5}.Debug|Any CPU.Build.0 = Debug|Any CPU
		{17D0496A-7C3D-435D-85E2-80E7363004E5}.Release|Any CPU.ActiveCfg = Release|Any CPU
		{17D0496A-7C3D-435D-85E2-80E7363004E5}.Release|Any CPU.Build.0 = Release|Any CPU
		{1A9C6A1D-F585-411F-A8D5-361E63EE7E02}.Debug|Any CPU.ActiveCfg = Debug|Any CPU
		{1A9C6A1D-F585-411F-A8D5-361E63EE7E02}.Debug|Any CPU.Build.0 = Debug|Any CPU
		{1A9C6A1D-F585-411F-A8D5-361E63EE7E02}.Release|Any CPU.ActiveCfg = Release|Any CPU
		{1A9C6A1D-F585-411F-A8D5-361E63EE7E02}.Release|Any CPU.Build.0 = Release|Any CPU
		{D337AB65-0D90-494C-A372-A238AA7E74E1}.Debug|Any CPU.ActiveCfg = Debug|Any CPU
		{D337AB65-0D90-494C-A372-A238AA7E74E1}.Debug|Any CPU.Build.0 = Debug|Any CPU
		{D337AB65-0D90-494C-A372-A238AA7E74E1}.Release|Any CPU.ActiveCfg = Release|Any CPU
		{D337AB65-0D90-494C-A372-A238AA7E74E1}.Release|Any CPU.Build.0 = Release|Any CPU
		{0C272CE1-12D7-47D8-98FD-4DDBEB6A294C}.Debug|Any CPU.ActiveCfg = Debug|Any CPU
		{0C272CE1-12D7-47D8-98FD-4DDBEB6A294C}.Debug|Any CPU.Build.0 = Debug|Any CPU
		{0C272CE1-12D7-47D8-98FD-4DDBEB6A294C}.Release|Any CPU.ActiveCfg = Release|Any CPU
		{0C272CE1-12D7-47D8-98FD-4DDBEB6A294C}.Release|Any CPU.Build.0 = Release|Any CPU
		{A874FBD0-5655-4A29-AD05-3C57A1B6BA31}.Debug|Any CPU.ActiveCfg = Debug|Any CPU
		{A874FBD0-5655-4A29-AD05-3C57A1B6BA31}.Debug|Any CPU.Build.0 = Debug|Any CPU
		{A874FBD0-5655-4A29-AD05-3C57A1B6BA31}.Release|Any CPU.ActiveCfg = Release|Any CPU
		{A874FBD0-5655-4A29-AD05-3C57A1B6BA31}.Release|Any CPU.Build.0 = Release|Any CPU
		{B00C777E-A6C5-4ED4-86F1-61408B3D0926}.Debug|Any CPU.ActiveCfg = Debug|Any CPU
		{B00C777E-A6C5-4ED4-86F1-61408B3D0926}.Debug|Any CPU.Build.0 = Debug|Any CPU
		{B00C777E-A6C5-4ED4-86F1-61408B3D0926}.Release|Any CPU.ActiveCfg = Release|Any CPU
		{B00C777E-A6C5-4ED4-86F1-61408B3D0926}.Release|Any CPU.Build.0 = Release|Any CPU
		{C4D96ACD-171A-4B37-8736-51366B98B9E8}.Debug|Any CPU.ActiveCfg = Debug|Any CPU
		{C4D96ACD-171A-4B37-8736-51366B98B9E8}.Debug|Any CPU.Build.0 = Debug|Any CPU
		{C4D96ACD-171A-4B37-8736-51366B98B9E8}.Release|Any CPU.ActiveCfg = Release|Any CPU
		{C4D96ACD-171A-4B37-8736-51366B98B9E8}.Release|Any CPU.Build.0 = Release|Any CPU
		{326AEEBB-7767-4FB2-84FE-12B47C065526}.Debug|Any CPU.ActiveCfg = Debug|Any CPU
		{326AEEBB-7767-4FB2-84FE-12B47C065526}.Debug|Any CPU.Build.0 = Debug|Any CPU
		{326AEEBB-7767-4FB2-84FE-12B47C065526}.Release|Any CPU.ActiveCfg = Release|Any CPU
		{326AEEBB-7767-4FB2-84FE-12B47C065526}.Release|Any CPU.Build.0 = Release|Any CPU
		{570EB8D5-8D08-4026-BB52-684E7F599422}.Debug|Any CPU.ActiveCfg = Debug|Any CPU
		{570EB8D5-8D08-4026-BB52-684E7F599422}.Debug|Any CPU.Build.0 = Debug|Any CPU
		{570EB8D5-8D08-4026-BB52-684E7F599422}.Release|Any CPU.ActiveCfg = Release|Any CPU
		{570EB8D5-8D08-4026-BB52-684E7F599422}.Release|Any CPU.Build.0 = Release|Any CPU
		{E9F71091-42BA-42FA-B3ED-83042C813780}.Debug|Any CPU.ActiveCfg = Debug|Any CPU
		{E9F71091-42BA-42FA-B3ED-83042C813780}.Debug|Any CPU.Build.0 = Debug|Any CPU
		{E9F71091-42BA-42FA-B3ED-83042C813780}.Release|Any CPU.ActiveCfg = Release|Any CPU
		{E9F71091-42BA-42FA-B3ED-83042C813780}.Release|Any CPU.Build.0 = Release|Any CPU
		{4DDE97CF-FC8C-4333-A7AE-80B68E55927F}.Debug|Any CPU.ActiveCfg = Debug|Any CPU
		{4DDE97CF-FC8C-4333-A7AE-80B68E55927F}.Debug|Any CPU.Build.0 = Debug|Any CPU
		{4DDE97CF-FC8C-4333-A7AE-80B68E55927F}.Release|Any CPU.ActiveCfg = Release|Any CPU
		{4DDE97CF-FC8C-4333-A7AE-80B68E55927F}.Release|Any CPU.Build.0 = Release|Any CPU
		{769BF223-862F-4D87-B2A2-6C5148FF2D91}.Debug|Any CPU.ActiveCfg = Debug|Any CPU
		{769BF223-862F-4D87-B2A2-6C5148FF2D91}.Debug|Any CPU.Build.0 = Debug|Any CPU
		{769BF223-862F-4D87-B2A2-6C5148FF2D91}.Release|Any CPU.ActiveCfg = Release|Any CPU
		{769BF223-862F-4D87-B2A2-6C5148FF2D91}.Release|Any CPU.Build.0 = Release|Any CPU
		{3318A669-D271-41B5-88E4-BEAF5B67DE97}.Debug|Any CPU.ActiveCfg = Debug|Any CPU
		{3318A669-D271-41B5-88E4-BEAF5B67DE97}.Debug|Any CPU.Build.0 = Debug|Any CPU
		{3318A669-D271-41B5-88E4-BEAF5B67DE97}.Release|Any CPU.ActiveCfg = Release|Any CPU
		{3318A669-D271-41B5-88E4-BEAF5B67DE97}.Release|Any CPU.Build.0 = Release|Any CPU
		{147A9AD4-5D71-47A6-BD1A-B0A7CFE5FEBD}.Debug|Any CPU.ActiveCfg = Debug|Any CPU
		{147A9AD4-5D71-47A6-BD1A-B0A7CFE5FEBD}.Debug|Any CPU.Build.0 = Debug|Any CPU
		{147A9AD4-5D71-47A6-BD1A-B0A7CFE5FEBD}.Release|Any CPU.ActiveCfg = Release|Any CPU
		{147A9AD4-5D71-47A6-BD1A-B0A7CFE5FEBD}.Release|Any CPU.Build.0 = Release|Any CPU
		{8ED08D8F-DAC6-4BD1-9A1F-69704AD8368F}.Debug|Any CPU.ActiveCfg = Debug|Any CPU
		{8ED08D8F-DAC6-4BD1-9A1F-69704AD8368F}.Debug|Any CPU.Build.0 = Debug|Any CPU
		{8ED08D8F-DAC6-4BD1-9A1F-69704AD8368F}.Release|Any CPU.ActiveCfg = Release|Any CPU
		{8ED08D8F-DAC6-4BD1-9A1F-69704AD8368F}.Release|Any CPU.Build.0 = Release|Any CPU
		{5F448267-A147-4C86-9BEA-797AE93B0BBA}.Debug|Any CPU.ActiveCfg = Debug|Any CPU
		{5F448267-A147-4C86-9BEA-797AE93B0BBA}.Debug|Any CPU.Build.0 = Debug|Any CPU
		{5F448267-A147-4C86-9BEA-797AE93B0BBA}.Release|Any CPU.ActiveCfg = Release|Any CPU
		{5F448267-A147-4C86-9BEA-797AE93B0BBA}.Release|Any CPU.Build.0 = Release|Any CPU
		{21482084-82B8-41FA-8477-ED78B3037375}.Debug|Any CPU.ActiveCfg = Debug|Any CPU
		{21482084-82B8-41FA-8477-ED78B3037375}.Debug|Any CPU.Build.0 = Debug|Any CPU
		{21482084-82B8-41FA-8477-ED78B3037375}.Release|Any CPU.ActiveCfg = Release|Any CPU
		{21482084-82B8-41FA-8477-ED78B3037375}.Release|Any CPU.Build.0 = Release|Any CPU
		{414C545A-A147-41D9-BEC0-8555EF9CFD9E}.Debug|Any CPU.ActiveCfg = Debug|Any CPU
		{414C545A-A147-41D9-BEC0-8555EF9CFD9E}.Debug|Any CPU.Build.0 = Debug|Any CPU
		{414C545A-A147-41D9-BEC0-8555EF9CFD9E}.Release|Any CPU.ActiveCfg = Release|Any CPU
		{414C545A-A147-41D9-BEC0-8555EF9CFD9E}.Release|Any CPU.Build.0 = Release|Any CPU
		{CD40EB4F-DD72-45D3-9328-D1D5F240356F}.Debug|Any CPU.ActiveCfg = Debug|Any CPU
		{CD40EB4F-DD72-45D3-9328-D1D5F240356F}.Debug|Any CPU.Build.0 = Debug|Any CPU
		{CD40EB4F-DD72-45D3-9328-D1D5F240356F}.Release|Any CPU.ActiveCfg = Release|Any CPU
		{CD40EB4F-DD72-45D3-9328-D1D5F240356F}.Release|Any CPU.Build.0 = Release|Any CPU
		{3AF7E32B-DEFD-45C1-866C-214810EC8E62}.Debug|Any CPU.ActiveCfg = Debug|Any CPU
		{3AF7E32B-DEFD-45C1-866C-214810EC8E62}.Debug|Any CPU.Build.0 = Debug|Any CPU
		{3AF7E32B-DEFD-45C1-866C-214810EC8E62}.Release|Any CPU.ActiveCfg = Release|Any CPU
		{3AF7E32B-DEFD-45C1-866C-214810EC8E62}.Release|Any CPU.Build.0 = Release|Any CPU
		{A77CB1D6-ED02-40D6-9505-BBF230A78A3F}.Debug|Any CPU.ActiveCfg = Debug|Any CPU
		{A77CB1D6-ED02-40D6-9505-BBF230A78A3F}.Debug|Any CPU.Build.0 = Debug|Any CPU
		{A77CB1D6-ED02-40D6-9505-BBF230A78A3F}.Release|Any CPU.ActiveCfg = Release|Any CPU
		{A77CB1D6-ED02-40D6-9505-BBF230A78A3F}.Release|Any CPU.Build.0 = Release|Any CPU
		{2073F742-F5F2-4529-9B81-D9E57775908F}.Debug|Any CPU.ActiveCfg = Debug|Any CPU
		{2073F742-F5F2-4529-9B81-D9E57775908F}.Debug|Any CPU.Build.0 = Debug|Any CPU
		{2073F742-F5F2-4529-9B81-D9E57775908F}.Release|Any CPU.ActiveCfg = Release|Any CPU
		{2073F742-F5F2-4529-9B81-D9E57775908F}.Release|Any CPU.Build.0 = Release|Any CPU
		{49FF4B66-8032-4AF9-BECA-565FF1D04F0E}.Debug|Any CPU.ActiveCfg = Debug|Any CPU
		{49FF4B66-8032-4AF9-BECA-565FF1D04F0E}.Debug|Any CPU.Build.0 = Debug|Any CPU
		{49FF4B66-8032-4AF9-BECA-565FF1D04F0E}.Release|Any CPU.ActiveCfg = Release|Any CPU
		{49FF4B66-8032-4AF9-BECA-565FF1D04F0E}.Release|Any CPU.Build.0 = Release|Any CPU
		{CE84D36F-EE8C-46A1-BC5B-4BD3B564092C}.Debug|Any CPU.ActiveCfg = Debug|Any CPU
		{CE84D36F-EE8C-46A1-BC5B-4BD3B564092C}.Debug|Any CPU.Build.0 = Debug|Any CPU
		{CE84D36F-EE8C-46A1-BC5B-4BD3B564092C}.Release|Any CPU.ActiveCfg = Release|Any CPU
		{CE84D36F-EE8C-46A1-BC5B-4BD3B564092C}.Release|Any CPU.Build.0 = Release|Any CPU
		{074E6F5A-CE51-434F-BEB1-1BFEF8649E98}.Debug|Any CPU.ActiveCfg = Debug|Any CPU
		{074E6F5A-CE51-434F-BEB1-1BFEF8649E98}.Debug|Any CPU.Build.0 = Debug|Any CPU
		{074E6F5A-CE51-434F-BEB1-1BFEF8649E98}.Release|Any CPU.ActiveCfg = Release|Any CPU
		{074E6F5A-CE51-434F-BEB1-1BFEF8649E98}.Release|Any CPU.Build.0 = Release|Any CPU
		{9412F3C4-5F63-427D-B95A-8596292C13B1}.Debug|Any CPU.ActiveCfg = Debug|Any CPU
		{9412F3C4-5F63-427D-B95A-8596292C13B1}.Debug|Any CPU.Build.0 = Debug|Any CPU
		{9412F3C4-5F63-427D-B95A-8596292C13B1}.Release|Any CPU.ActiveCfg = Release|Any CPU
		{9412F3C4-5F63-427D-B95A-8596292C13B1}.Release|Any CPU.Build.0 = Release|Any CPU
		{5D939798-7279-4D1C-A8CE-26F4DACDC9AB}.Debug|Any CPU.ActiveCfg = Debug|Any CPU
		{5D939798-7279-4D1C-A8CE-26F4DACDC9AB}.Debug|Any CPU.Build.0 = Debug|Any CPU
		{5D939798-7279-4D1C-A8CE-26F4DACDC9AB}.Release|Any CPU.ActiveCfg = Release|Any CPU
		{5D939798-7279-4D1C-A8CE-26F4DACDC9AB}.Release|Any CPU.Build.0 = Release|Any CPU
		{5A1BF067-A155-4D22-838D-4B691A23E557}.Debug|Any CPU.ActiveCfg = Debug|Any CPU
		{5A1BF067-A155-4D22-838D-4B691A23E557}.Debug|Any CPU.Build.0 = Debug|Any CPU
		{5A1BF067-A155-4D22-838D-4B691A23E557}.Release|Any CPU.ActiveCfg = Release|Any CPU
		{5A1BF067-A155-4D22-838D-4B691A23E557}.Release|Any CPU.Build.0 = Release|Any CPU
		{E8B4CCDB-0ACC-4626-8470-EFA529CD356B}.Debug|Any CPU.ActiveCfg = Debug|Any CPU
		{E8B4CCDB-0ACC-4626-8470-EFA529CD356B}.Debug|Any CPU.Build.0 = Debug|Any CPU
		{E8B4CCDB-0ACC-4626-8470-EFA529CD356B}.Release|Any CPU.ActiveCfg = Release|Any CPU
		{E8B4CCDB-0ACC-4626-8470-EFA529CD356B}.Release|Any CPU.Build.0 = Release|Any CPU
		{2E15C423-FA41-48B5-A257-3EEDB4C2E573}.Debug|Any CPU.ActiveCfg = Debug|Any CPU
		{2E15C423-FA41-48B5-A257-3EEDB4C2E573}.Debug|Any CPU.Build.0 = Debug|Any CPU
		{2E15C423-FA41-48B5-A257-3EEDB4C2E573}.Release|Any CPU.ActiveCfg = Release|Any CPU
		{2E15C423-FA41-48B5-A257-3EEDB4C2E573}.Release|Any CPU.Build.0 = Release|Any CPU
		{E23A6792-8D43-4D25-B2B3-5FB5FA9F9E90}.Debug|Any CPU.ActiveCfg = Debug|Any CPU
		{E23A6792-8D43-4D25-B2B3-5FB5FA9F9E90}.Debug|Any CPU.Build.0 = Debug|Any CPU
		{E23A6792-8D43-4D25-B2B3-5FB5FA9F9E90}.Release|Any CPU.ActiveCfg = Release|Any CPU
		{E23A6792-8D43-4D25-B2B3-5FB5FA9F9E90}.Release|Any CPU.Build.0 = Release|Any CPU
		{28C1FDD7-B6A4-4F5B-9BA4-0901C367716F}.Debug|Any CPU.ActiveCfg = Debug|Any CPU
		{28C1FDD7-B6A4-4F5B-9BA4-0901C367716F}.Debug|Any CPU.Build.0 = Debug|Any CPU
		{28C1FDD7-B6A4-4F5B-9BA4-0901C367716F}.Release|Any CPU.ActiveCfg = Release|Any CPU
		{28C1FDD7-B6A4-4F5B-9BA4-0901C367716F}.Release|Any CPU.Build.0 = Release|Any CPU
		{5BEB45AD-5D0C-4096-9797-ECF34BB2B338}.Debug|Any CPU.ActiveCfg = Debug|Any CPU
		{5BEB45AD-5D0C-4096-9797-ECF34BB2B338}.Debug|Any CPU.Build.0 = Debug|Any CPU
		{5BEB45AD-5D0C-4096-9797-ECF34BB2B338}.Release|Any CPU.ActiveCfg = Release|Any CPU
		{5BEB45AD-5D0C-4096-9797-ECF34BB2B338}.Release|Any CPU.Build.0 = Release|Any CPU
		{52AAC52E-BF15-4427-A68E-2F19D6406D22}.Debug|Any CPU.ActiveCfg = Debug|Any CPU
		{52AAC52E-BF15-4427-A68E-2F19D6406D22}.Debug|Any CPU.Build.0 = Debug|Any CPU
		{52AAC52E-BF15-4427-A68E-2F19D6406D22}.Release|Any CPU.ActiveCfg = Release|Any CPU
		{52AAC52E-BF15-4427-A68E-2F19D6406D22}.Release|Any CPU.Build.0 = Release|Any CPU
		{0DAA3BE8-5218-43F9-9BC6-8E0A75E0C3B2}.Debug|Any CPU.ActiveCfg = Debug|Any CPU
		{0DAA3BE8-5218-43F9-9BC6-8E0A75E0C3B2}.Debug|Any CPU.Build.0 = Debug|Any CPU
		{0DAA3BE8-5218-43F9-9BC6-8E0A75E0C3B2}.Release|Any CPU.ActiveCfg = Release|Any CPU
		{0DAA3BE8-5218-43F9-9BC6-8E0A75E0C3B2}.Release|Any CPU.Build.0 = Release|Any CPU
		{7ABAE2C8-0E4E-4AC2-866D-120056B742F3}.Debug|Any CPU.ActiveCfg = Debug|Any CPU
		{7ABAE2C8-0E4E-4AC2-866D-120056B742F3}.Debug|Any CPU.Build.0 = Debug|Any CPU
		{7ABAE2C8-0E4E-4AC2-866D-120056B742F3}.Release|Any CPU.ActiveCfg = Release|Any CPU
		{7ABAE2C8-0E4E-4AC2-866D-120056B742F3}.Release|Any CPU.Build.0 = Release|Any CPU
		{AE6B7F86-DD68-48A3-8C2F-BBEB5073E579}.Debug|Any CPU.ActiveCfg = Debug|Any CPU
		{AE6B7F86-DD68-48A3-8C2F-BBEB5073E579}.Debug|Any CPU.Build.0 = Debug|Any CPU
		{AE6B7F86-DD68-48A3-8C2F-BBEB5073E579}.Release|Any CPU.ActiveCfg = Release|Any CPU
		{AE6B7F86-DD68-48A3-8C2F-BBEB5073E579}.Release|Any CPU.Build.0 = Release|Any CPU
		{B9018884-F84F-46C7-8A41-388653B67166}.Debug|Any CPU.ActiveCfg = Debug|Any CPU
		{B9018884-F84F-46C7-8A41-388653B67166}.Debug|Any CPU.Build.0 = Debug|Any CPU
		{B9018884-F84F-46C7-8A41-388653B67166}.Release|Any CPU.ActiveCfg = Release|Any CPU
		{B9018884-F84F-46C7-8A41-388653B67166}.Release|Any CPU.Build.0 = Release|Any CPU
		{BC636CFD-4203-4E93-8BB1-5185D763DEDF}.Debug|Any CPU.ActiveCfg = Debug|Any CPU
		{BC636CFD-4203-4E93-8BB1-5185D763DEDF}.Debug|Any CPU.Build.0 = Debug|Any CPU
		{BC636CFD-4203-4E93-8BB1-5185D763DEDF}.Release|Any CPU.ActiveCfg = Release|Any CPU
		{BC636CFD-4203-4E93-8BB1-5185D763DEDF}.Release|Any CPU.Build.0 = Release|Any CPU
		{82D594C7-71DE-4093-A3DF-E9AFCAD48BE7}.Debug|Any CPU.ActiveCfg = Debug|Any CPU
		{82D594C7-71DE-4093-A3DF-E9AFCAD48BE7}.Debug|Any CPU.Build.0 = Debug|Any CPU
		{82D594C7-71DE-4093-A3DF-E9AFCAD48BE7}.Release|Any CPU.ActiveCfg = Release|Any CPU
		{82D594C7-71DE-4093-A3DF-E9AFCAD48BE7}.Release|Any CPU.Build.0 = Release|Any CPU
		{4A9C3E1D-26D1-4DD3-A25E-E7BEE08BDDFF}.Debug|Any CPU.ActiveCfg = Debug|Any CPU
		{4A9C3E1D-26D1-4DD3-A25E-E7BEE08BDDFF}.Debug|Any CPU.Build.0 = Debug|Any CPU
		{4A9C3E1D-26D1-4DD3-A25E-E7BEE08BDDFF}.Release|Any CPU.ActiveCfg = Release|Any CPU
		{4A9C3E1D-26D1-4DD3-A25E-E7BEE08BDDFF}.Release|Any CPU.Build.0 = Release|Any CPU
		{C1E11B8D-B608-446A-8B86-BA0E146C7087}.Debug|Any CPU.ActiveCfg = Debug|Any CPU
		{C1E11B8D-B608-446A-8B86-BA0E146C7087}.Debug|Any CPU.Build.0 = Debug|Any CPU
		{C1E11B8D-B608-446A-8B86-BA0E146C7087}.Release|Any CPU.ActiveCfg = Release|Any CPU
		{C1E11B8D-B608-446A-8B86-BA0E146C7087}.Release|Any CPU.Build.0 = Release|Any CPU
		{8ABBE48E-E5EC-4F1B-9C81-CDEB7CCE91B9}.Debug|Any CPU.ActiveCfg = Debug|Any CPU
		{8ABBE48E-E5EC-4F1B-9C81-CDEB7CCE91B9}.Debug|Any CPU.Build.0 = Debug|Any CPU
		{8ABBE48E-E5EC-4F1B-9C81-CDEB7CCE91B9}.Release|Any CPU.ActiveCfg = Release|Any CPU
		{8ABBE48E-E5EC-4F1B-9C81-CDEB7CCE91B9}.Release|Any CPU.Build.0 = Release|Any CPU
		{D9041459-A0A0-428A-8609-A92A52B84A94}.Debug|Any CPU.ActiveCfg = Debug|Any CPU
		{D9041459-A0A0-428A-8609-A92A52B84A94}.Debug|Any CPU.Build.0 = Debug|Any CPU
		{D9041459-A0A0-428A-8609-A92A52B84A94}.Release|Any CPU.ActiveCfg = Release|Any CPU
		{D9041459-A0A0-428A-8609-A92A52B84A94}.Release|Any CPU.Build.0 = Release|Any CPU
		{855DE25A-3940-40C1-AC64-89397156589E}.Debug|Any CPU.ActiveCfg = Debug|Any CPU
		{855DE25A-3940-40C1-AC64-89397156589E}.Debug|Any CPU.Build.0 = Debug|Any CPU
		{855DE25A-3940-40C1-AC64-89397156589E}.Release|Any CPU.ActiveCfg = Release|Any CPU
		{855DE25A-3940-40C1-AC64-89397156589E}.Release|Any CPU.Build.0 = Release|Any CPU
		{0DD71F00-CCCF-45EC-81C2-D94D7F80CC7D}.Debug|Any CPU.ActiveCfg = Debug|Any CPU
		{0DD71F00-CCCF-45EC-81C2-D94D7F80CC7D}.Debug|Any CPU.Build.0 = Debug|Any CPU
		{0DD71F00-CCCF-45EC-81C2-D94D7F80CC7D}.Release|Any CPU.ActiveCfg = Release|Any CPU
		{0DD71F00-CCCF-45EC-81C2-D94D7F80CC7D}.Release|Any CPU.Build.0 = Release|Any CPU
		{4B7D3B6E-FE9F-456F-B299-39D52519B333}.Debug|Any CPU.ActiveCfg = Debug|Any CPU
		{4B7D3B6E-FE9F-456F-B299-39D52519B333}.Debug|Any CPU.Build.0 = Debug|Any CPU
		{4B7D3B6E-FE9F-456F-B299-39D52519B333}.Release|Any CPU.ActiveCfg = Release|Any CPU
		{4B7D3B6E-FE9F-456F-B299-39D52519B333}.Release|Any CPU.Build.0 = Release|Any CPU
		{6177602B-0771-480A-BAB8-569429A7153A}.Debug|Any CPU.ActiveCfg = Debug|Any CPU
		{6177602B-0771-480A-BAB8-569429A7153A}.Debug|Any CPU.Build.0 = Debug|Any CPU
		{6177602B-0771-480A-BAB8-569429A7153A}.Release|Any CPU.ActiveCfg = Release|Any CPU
		{6177602B-0771-480A-BAB8-569429A7153A}.Release|Any CPU.Build.0 = Release|Any CPU
		{E88F5358-40A0-4580-B2EF-F5EEAC938429}.Debug|Any CPU.ActiveCfg = Debug|Any CPU
		{E88F5358-40A0-4580-B2EF-F5EEAC938429}.Debug|Any CPU.Build.0 = Debug|Any CPU
		{E88F5358-40A0-4580-B2EF-F5EEAC938429}.Release|Any CPU.ActiveCfg = Release|Any CPU
		{E88F5358-40A0-4580-B2EF-F5EEAC938429}.Release|Any CPU.Build.0 = Release|Any CPU
	EndGlobalSection
	GlobalSection(SolutionProperties) = preSolution
		HideSolutionNode = FALSE
	EndGlobalSection
	GlobalSection(NestedProjects) = preSolution
		{0542DF94-63CD-430F-9AF5-AE84D88319BC} = {7C1F8BBD-7E3D-44BE-81E6-55EB807C14B9}
		{D5B3C51B-75DF-4A33-BCBB-BAF2BF076617} = {7C1F8BBD-7E3D-44BE-81E6-55EB807C14B9}
		{B5C9694A-C714-465D-836A-8C77366B4E03} = {7C1F8BBD-7E3D-44BE-81E6-55EB807C14B9}
		{03D3D1A1-1C07-41CA-8B02-DB5394A874A3} = {7C1F8BBD-7E3D-44BE-81E6-55EB807C14B9}
		{826DEEBC-A67D-4448-A339-A04E0ED36F52} = {7C1F8BBD-7E3D-44BE-81E6-55EB807C14B9}
		{17D0496A-7C3D-435D-85E2-80E7363004E5} = {7C1F8BBD-7E3D-44BE-81E6-55EB807C14B9}
		{1A9C6A1D-F585-411F-A8D5-361E63EE7E02} = {7C1F8BBD-7E3D-44BE-81E6-55EB807C14B9}
		{D337AB65-0D90-494C-A372-A238AA7E74E1} = {7C1F8BBD-7E3D-44BE-81E6-55EB807C14B9}
		{0C272CE1-12D7-47D8-98FD-4DDBEB6A294C} = {7C1F8BBD-7E3D-44BE-81E6-55EB807C14B9}
		{A874FBD0-5655-4A29-AD05-3C57A1B6BA31} = {7C1F8BBD-7E3D-44BE-81E6-55EB807C14B9}
		{B00C777E-A6C5-4ED4-86F1-61408B3D0926} = {7C1F8BBD-7E3D-44BE-81E6-55EB807C14B9}
		{C4D96ACD-171A-4B37-8736-51366B98B9E8} = {7C1F8BBD-7E3D-44BE-81E6-55EB807C14B9}
		{326AEEBB-7767-4FB2-84FE-12B47C065526} = {7C1F8BBD-7E3D-44BE-81E6-55EB807C14B9}
		{C476F9D4-0FCC-4D72-A312-C706AF081F4F} = {349CE34D-A942-422C-943A-DE4BEC1E39B3}
		{0EDE05AB-93AF-4104-9696-5523023AAFF6} = {C476F9D4-0FCC-4D72-A312-C706AF081F4F}
		{570EB8D5-8D08-4026-BB52-684E7F599422} = {7C1F8BBD-7E3D-44BE-81E6-55EB807C14B9}
		{E9F71091-42BA-42FA-B3ED-83042C813780} = {7C1F8BBD-7E3D-44BE-81E6-55EB807C14B9}
		{4DDE97CF-FC8C-4333-A7AE-80B68E55927F} = {7C1F8BBD-7E3D-44BE-81E6-55EB807C14B9}
		{769BF223-862F-4D87-B2A2-6C5148FF2D91} = {7C1F8BBD-7E3D-44BE-81E6-55EB807C14B9}
		{3318A669-D271-41B5-88E4-BEAF5B67DE97} = {7C1F8BBD-7E3D-44BE-81E6-55EB807C14B9}
		{147A9AD4-5D71-47A6-BD1A-B0A7CFE5FEBD} = {7C1F8BBD-7E3D-44BE-81E6-55EB807C14B9}
		{8ED08D8F-DAC6-4BD1-9A1F-69704AD8368F} = {7C1F8BBD-7E3D-44BE-81E6-55EB807C14B9}
		{5F448267-A147-4C86-9BEA-797AE93B0BBA} = {7C1F8BBD-7E3D-44BE-81E6-55EB807C14B9}
		{21482084-82B8-41FA-8477-ED78B3037375} = {7C1F8BBD-7E3D-44BE-81E6-55EB807C14B9}
		{BCB5B13C-20C0-49EF-9F6B-940BEE7AAD43} = {CB1FFAF8-1946-40AF-AF0F-7FD37E2A7AC6}
		{414C545A-A147-41D9-BEC0-8555EF9CFD9E} = {BCB5B13C-20C0-49EF-9F6B-940BEE7AAD43}
		{CD40EB4F-DD72-45D3-9328-D1D5F240356F} = {BCB5B13C-20C0-49EF-9F6B-940BEE7AAD43}
		{682859CA-F4D5-4078-930F-00D3E608D6A4} = {CB1FFAF8-1946-40AF-AF0F-7FD37E2A7AC6}
		{3AF7E32B-DEFD-45C1-866C-214810EC8E62} = {682859CA-F4D5-4078-930F-00D3E608D6A4}
		{A77CB1D6-ED02-40D6-9505-BBF230A78A3F} = {7C1F8BBD-7E3D-44BE-81E6-55EB807C14B9}
		{2073F742-F5F2-4529-9B81-D9E57775908F} = {7C1F8BBD-7E3D-44BE-81E6-55EB807C14B9}
		{49FF4B66-8032-4AF9-BECA-565FF1D04F0E} = {682859CA-F4D5-4078-930F-00D3E608D6A4}
		{CE84D36F-EE8C-46A1-BC5B-4BD3B564092C} = {682859CA-F4D5-4078-930F-00D3E608D6A4}
		{074E6F5A-CE51-434F-BEB1-1BFEF8649E98} = {7C1F8BBD-7E3D-44BE-81E6-55EB807C14B9}
		{9412F3C4-5F63-427D-B95A-8596292C13B1} = {7C1F8BBD-7E3D-44BE-81E6-55EB807C14B9}
		{5D939798-7279-4D1C-A8CE-26F4DACDC9AB} = {682859CA-F4D5-4078-930F-00D3E608D6A4}
		{5A1BF067-A155-4D22-838D-4B691A23E557} = {682859CA-F4D5-4078-930F-00D3E608D6A4}
		{E8B4CCDB-0ACC-4626-8470-EFA529CD356B} = {682859CA-F4D5-4078-930F-00D3E608D6A4}
		{2E15C423-FA41-48B5-A257-3EEDB4C2E573} = {682859CA-F4D5-4078-930F-00D3E608D6A4}
		{E23A6792-8D43-4D25-B2B3-5FB5FA9F9E90} = {682859CA-F4D5-4078-930F-00D3E608D6A4}
		{28C1FDD7-B6A4-4F5B-9BA4-0901C367716F} = {682859CA-F4D5-4078-930F-00D3E608D6A4}
		{5BEB45AD-5D0C-4096-9797-ECF34BB2B338} = {7C1F8BBD-7E3D-44BE-81E6-55EB807C14B9}
		{52AAC52E-BF15-4427-A68E-2F19D6406D22} = {682859CA-F4D5-4078-930F-00D3E608D6A4}
		{0DAA3BE8-5218-43F9-9BC6-8E0A75E0C3B2} = {7C1F8BBD-7E3D-44BE-81E6-55EB807C14B9}
		{7ABAE2C8-0E4E-4AC2-866D-120056B742F3} = {7C1F8BBD-7E3D-44BE-81E6-55EB807C14B9}
		{AE6B7F86-DD68-48A3-8C2F-BBEB5073E579} = {682859CA-F4D5-4078-930F-00D3E608D6A4}
		{B9018884-F84F-46C7-8A41-388653B67166} = {7C1F8BBD-7E3D-44BE-81E6-55EB807C14B9}
		{BC636CFD-4203-4E93-8BB1-5185D763DEDF} = {682859CA-F4D5-4078-930F-00D3E608D6A4}
		{82D594C7-71DE-4093-A3DF-E9AFCAD48BE7} = {682859CA-F4D5-4078-930F-00D3E608D6A4}
		{4A9C3E1D-26D1-4DD3-A25E-E7BEE08BDDFF} = {682859CA-F4D5-4078-930F-00D3E608D6A4}
		{C1E11B8D-B608-446A-8B86-BA0E146C7087} = {682859CA-F4D5-4078-930F-00D3E608D6A4}
		{8ABBE48E-E5EC-4F1B-9C81-CDEB7CCE91B9} = {682859CA-F4D5-4078-930F-00D3E608D6A4}
		{D9041459-A0A0-428A-8609-A92A52B84A94} = {7C1F8BBD-7E3D-44BE-81E6-55EB807C14B9}
		{855DE25A-3940-40C1-AC64-89397156589E} = {682859CA-F4D5-4078-930F-00D3E608D6A4}
		{0DD71F00-CCCF-45EC-81C2-D94D7F80CC7D} = {7C1F8BBD-7E3D-44BE-81E6-55EB807C14B9}
		{4B7D3B6E-FE9F-456F-B299-39D52519B333} = {7C1F8BBD-7E3D-44BE-81E6-55EB807C14B9}
		{6177602B-0771-480A-BAB8-569429A7153A} = {7C1F8BBD-7E3D-44BE-81E6-55EB807C14B9}
		{E88F5358-40A0-4580-B2EF-F5EEAC938429} = {7C1F8BBD-7E3D-44BE-81E6-55EB807C14B9}
	EndGlobalSection
	GlobalSection(ExtensibilityGlobals) = postSolution
		SolutionGuid = {9E988190-9FBF-4E2E-9B3A-35C418139397}
	EndGlobalSection
EndGlobal
